
Microsoft Visual Studio Solution File, Format Version 12.00
# Visual Studio Version 17
VisualStudioVersion = 17.14.36212.18 d17.14
MinimumVisualStudioVersion = 10.0.40219.1
Project("{FAE04EC0-301F-11D3-BF4B-00C04F79EFBC}") = "Site11", "Site11\Site11.csproj", "{15528245-B0BC-4434-9939-156DC14996FA}"
EndProject
Global
	GlobalSection(SolutionConfigurationPlatforms) = preSolution
		Debug|Any CPU = Debug|Any CPU
		Release|Any CPU = Release|Any CPU
	EndGlobalSection
	GlobalSection(ProjectConfigurationPlatforms) = postSolution
		{15528245-B0BC-4434-9939-156DC14996FA}.Debug|Any CPU.ActiveCfg = Debug|Any CPU
		{15528245-B0BC-4434-9939-156DC14996FA}.Debug|Any CPU.Build.0 = Debug|Any CPU
		{15528245-B0BC-4434-9939-156DC14996FA}.Release|Any CPU.ActiveCfg = Release|Any CPU
		{15528245-B0BC-4434-9939-156DC14996FA}.Release|Any CPU.Build.0 = Release|Any CPU
	EndGlobalSection
	GlobalSection(SolutionProperties) = preSolution
		HideSolutionNode = FALSE
	EndGlobalSection
	GlobalSection(ExtensibilityGlobals) = postSolution
		SolutionGuid = {CF58B215-D6D7-4341-A646-118D84BD7816}
	EndGlobalSection
EndGlobal
